// !$*UTF8*$!
{
	archiveVersion = 1;
	classes = {
	};
	objectVersion = 46;
	objects = {

/* Begin PBXBuildFile section */
		0D7B8F5D1BEB02600084B758 /* FBSDKCoreKit.framework in Frameworks */ = {isa = PBXBuildFile; fileRef = 0D7B8F5C1BEB02600084B758 /* FBSDKCoreKit.framework */; };
		0D7B8F5F1BEB02C70084B758 /* FBSDKLoginKit.framework in Frameworks */ = {isa = PBXBuildFile; fileRef = 0D7B8F5E1BEB02C70084B758 /* FBSDKLoginKit.framework */; };
		0D7B8F621BEB04730084B758 /* ODLoginViewController.swift in Sources */ = {isa = PBXBuildFile; fileRef = 0D7B8F601BEB04730084B758 /* ODLoginViewController.swift */; };
		0D7B8F631BEB04730084B758 /* ODLoginViewController.xib in Resources */ = {isa = PBXBuildFile; fileRef = 0D7B8F611BEB04730084B758 /* ODLoginViewController.xib */; };
		0D94FD4C1BE9B49400D05E89 /* ODBet.swift in Sources */ = {isa = PBXBuildFile; fileRef = 0D94FD4B1BE9B49400D05E89 /* ODBet.swift */; };
		0D94FD4E1BE9B50E00D05E89 /* ODModel.swift in Sources */ = {isa = PBXBuildFile; fileRef = 0D94FD4D1BE9B50E00D05E89 /* ODModel.swift */; };
		0D94FD511BE9C0FE00D05E89 /* LaunchScreen.xib in Resources */ = {isa = PBXBuildFile; fileRef = 0D94FD4F1BE9C0FE00D05E89 /* LaunchScreen.xib */; };
		0D94FD541BE9C18D00D05E89 /* ODInboxViewController.swift in Sources */ = {isa = PBXBuildFile; fileRef = 0D94FD521BE9C18D00D05E89 /* ODInboxViewController.swift */; };
		0D94FD551BE9C18D00D05E89 /* ODInboxViewController.xib in Resources */ = {isa = PBXBuildFile; fileRef = 0D94FD531BE9C18D00D05E89 /* ODInboxViewController.xib */; };
		0D94FD581BE9C80700D05E89 /* ODInboxCell.swift in Sources */ = {isa = PBXBuildFile; fileRef = 0D94FD561BE9C80700D05E89 /* ODInboxCell.swift */; };
		0D94FD591BE9C80700D05E89 /* ODInboxCell.xib in Resources */ = {isa = PBXBuildFile; fileRef = 0D94FD571BE9C80700D05E89 /* ODInboxCell.xib */; };
		0D94FD5D1BE9CA1900D05E89 /* ODInboxCellBetViewModel.swift in Sources */ = {isa = PBXBuildFile; fileRef = 0D94FD5C1BE9CA1900D05E89 /* ODInboxCellBetViewModel.swift */; };
		0D94FD601BE9D2A800D05E89 /* Extensions.swift in Sources */ = {isa = PBXBuildFile; fileRef = 0D94FD5F1BE9D2A800D05E89 /* Extensions.swift */; };
		0DF83D1C1BE1E69D00BD0893 /* AppDelegate.swift in Sources */ = {isa = PBXBuildFile; fileRef = 0DF83D1B1BE1E69D00BD0893 /* AppDelegate.swift */; };
		0DF83D231BE1E69D00BD0893 /* Images.xcassets in Resources */ = {isa = PBXBuildFile; fileRef = 0DF83D221BE1E69D00BD0893 /* Images.xcassets */; };
		0DF83D321BE1E69D00BD0893 /* OddsTests.swift in Sources */ = {isa = PBXBuildFile; fileRef = 0DF83D311BE1E69D00BD0893 /* OddsTests.swift */; };
		688DBEB4EE400B9269F4DBCF /* Pods_Odds.framework in Frameworks */ = {isa = PBXBuildFile; fileRef = E7658DBBD431921C67B13871 /* Pods_Odds.framework */; };
/* End PBXBuildFile section */

/* Begin PBXContainerItemProxy section */
		0DF83D2C1BE1E69D00BD0893 /* PBXContainerItemProxy */ = {
			isa = PBXContainerItemProxy;
			containerPortal = 0DF83D0E1BE1E69D00BD0893 /* Project object */;
			proxyType = 1;
			remoteGlobalIDString = 0DF83D151BE1E69D00BD0893;
			remoteInfo = Odds;
		};
/* End PBXContainerItemProxy section */

/* Begin PBXFileReference section */
		0D7B8F5B1BEB004B0084B758 /* Bridging-Header.h */ = {isa = PBXFileReference; lastKnownFileType = sourcecode.c.h; path = "Bridging-Header.h"; sourceTree = "<group>"; };
		0D7B8F5C1BEB02600084B758 /* FBSDKCoreKit.framework */ = {isa = PBXFileReference; lastKnownFileType = wrapper.framework; name = FBSDKCoreKit.framework; path = "FacebookSDKs-iOS/FBSDKCoreKit.framework"; sourceTree = "<group>"; };
		0D7B8F5E1BEB02C70084B758 /* FBSDKLoginKit.framework */ = {isa = PBXFileReference; lastKnownFileType = wrapper.framework; name = FBSDKLoginKit.framework; path = "FacebookSDKs-iOS/FBSDKLoginKit.framework"; sourceTree = "<group>"; };
		0D7B8F601BEB04730084B758 /* ODLoginViewController.swift */ = {isa = PBXFileReference; fileEncoding = 4; lastKnownFileType = sourcecode.swift; path = ODLoginViewController.swift; sourceTree = "<group>"; };
		0D7B8F611BEB04730084B758 /* ODLoginViewController.xib */ = {isa = PBXFileReference; fileEncoding = 4; lastKnownFileType = file.xib; path = ODLoginViewController.xib; sourceTree = "<group>"; };
		0D94FD4B1BE9B49400D05E89 /* ODBet.swift */ = {isa = PBXFileReference; fileEncoding = 4; lastKnownFileType = sourcecode.swift; path = ODBet.swift; sourceTree = "<group>"; };
		0D94FD4D1BE9B50E00D05E89 /* ODModel.swift */ = {isa = PBXFileReference; fileEncoding = 4; lastKnownFileType = sourcecode.swift; path = ODModel.swift; sourceTree = "<group>"; };
		0D94FD501BE9C0FE00D05E89 /* Base */ = {isa = PBXFileReference; lastKnownFileType = file.xib; name = Base; path = Base.lproj/LaunchScreen.xib; sourceTree = "<group>"; };
		0D94FD521BE9C18D00D05E89 /* ODInboxViewController.swift */ = {isa = PBXFileReference; fileEncoding = 4; lastKnownFileType = sourcecode.swift; path = ODInboxViewController.swift; sourceTree = "<group>"; };
		0D94FD531BE9C18D00D05E89 /* ODInboxViewController.xib */ = {isa = PBXFileReference; fileEncoding = 4; lastKnownFileType = file.xib; path = ODInboxViewController.xib; sourceTree = "<group>"; };
		0D94FD561BE9C80700D05E89 /* ODInboxCell.swift */ = {isa = PBXFileReference; fileEncoding = 4; lastKnownFileType = sourcecode.swift; path = ODInboxCell.swift; sourceTree = "<group>"; };
		0D94FD571BE9C80700D05E89 /* ODInboxCell.xib */ = {isa = PBXFileReference; fileEncoding = 4; lastKnownFileType = file.xib; path = ODInboxCell.xib; sourceTree = "<group>"; };
		0D94FD5C1BE9CA1900D05E89 /* ODInboxCellBetViewModel.swift */ = {isa = PBXFileReference; fileEncoding = 4; lastKnownFileType = sourcecode.swift; path = ODInboxCellBetViewModel.swift; sourceTree = "<group>"; };
		0D94FD5F1BE9D2A800D05E89 /* Extensions.swift */ = {isa = PBXFileReference; fileEncoding = 4; lastKnownFileType = sourcecode.swift; path = Extensions.swift; sourceTree = "<group>"; };
		0DF83D161BE1E69D00BD0893 /* Odds.app */ = {isa = PBXFileReference; explicitFileType = wrapper.application; includeInIndex = 0; path = Odds.app; sourceTree = BUILT_PRODUCTS_DIR; };
		0DF83D1A1BE1E69D00BD0893 /* Info.plist */ = {isa = PBXFileReference; lastKnownFileType = text.plist.xml; path = Info.plist; sourceTree = "<group>"; };
		0DF83D1B1BE1E69D00BD0893 /* AppDelegate.swift */ = {isa = PBXFileReference; lastKnownFileType = sourcecode.swift; path = AppDelegate.swift; sourceTree = "<group>"; };
		0DF83D221BE1E69D00BD0893 /* Images.xcassets */ = {isa = PBXFileReference; lastKnownFileType = folder.assetcatalog; path = Images.xcassets; sourceTree = "<group>"; };
		0DF83D2B1BE1E69D00BD0893 /* OddsTests.xctest */ = {isa = PBXFileReference; explicitFileType = wrapper.cfbundle; includeInIndex = 0; path = OddsTests.xctest; sourceTree = BUILT_PRODUCTS_DIR; };
		0DF83D301BE1E69D00BD0893 /* Info.plist */ = {isa = PBXFileReference; lastKnownFileType = text.plist.xml; path = Info.plist; sourceTree = "<group>"; };
		0DF83D311BE1E69D00BD0893 /* OddsTests.swift */ = {isa = PBXFileReference; lastKnownFileType = sourcecode.swift; path = OddsTests.swift; sourceTree = "<group>"; };
		BD9321160BC4131EB0503E95 /* Pods-Odds.debug.xcconfig */ = {isa = PBXFileReference; includeInIndex = 1; lastKnownFileType = text.xcconfig; name = "Pods-Odds.debug.xcconfig"; path = "Pods/Target Support Files/Pods-Odds/Pods-Odds.debug.xcconfig"; sourceTree = "<group>"; };
		BEEE5430AE47FB297370AABB /* Pods-Odds.release.xcconfig */ = {isa = PBXFileReference; includeInIndex = 1; lastKnownFileType = text.xcconfig; name = "Pods-Odds.release.xcconfig"; path = "Pods/Target Support Files/Pods-Odds/Pods-Odds.release.xcconfig"; sourceTree = "<group>"; };
		E7658DBBD431921C67B13871 /* Pods_Odds.framework */ = {isa = PBXFileReference; explicitFileType = wrapper.framework; includeInIndex = 0; path = Pods_Odds.framework; sourceTree = BUILT_PRODUCTS_DIR; };
/* End PBXFileReference section */

/* Begin PBXFrameworksBuildPhase section */
		0DF83D131BE1E69D00BD0893 /* Frameworks */ = {
			isa = PBXFrameworksBuildPhase;
			buildActionMask = 2147483647;
			files = (
				688DBEB4EE400B9269F4DBCF /* Pods_Odds.framework in Frameworks */,
				0D7B8F5D1BEB02600084B758 /* FBSDKCoreKit.framework in Frameworks */,
				0D7B8F5F1BEB02C70084B758 /* FBSDKLoginKit.framework in Frameworks */,
			);
			runOnlyForDeploymentPostprocessing = 0;
		};
		0DF83D281BE1E69D00BD0893 /* Frameworks */ = {
			isa = PBXFrameworksBuildPhase;
			buildActionMask = 2147483647;
			files = (
			);
			runOnlyForDeploymentPostprocessing = 0;
		};
/* End PBXFrameworksBuildPhase section */

/* Begin PBXGroup section */
		0D94FD481BE9B42500D05E89 /* Models */ = {
			isa = PBXGroup;
			children = (
				0D94FD4B1BE9B49400D05E89 /* ODBet.swift */,
				0D94FD4D1BE9B50E00D05E89 /* ODModel.swift */,
			);
			name = Models;
			sourceTree = "<group>";
		};
		0D94FD491BE9B45D00D05E89 /* Controllers */ = {
			isa = PBXGroup;
			children = (
				0D7B8F601BEB04730084B758 /* ODLoginViewController.swift */,
				0D7B8F611BEB04730084B758 /* ODLoginViewController.xib */,
				0D94FD521BE9C18D00D05E89 /* ODInboxViewController.swift */,
				0D94FD531BE9C18D00D05E89 /* ODInboxViewController.xib */,
			);
			name = Controllers;
			sourceTree = "<group>";
		};
		0D94FD4A1BE9B46400D05E89 /* Views */ = {
			isa = PBXGroup;
			children = (
				0D94FD561BE9C80700D05E89 /* ODInboxCell.swift */,
				0D94FD571BE9C80700D05E89 /* ODInboxCell.xib */,
				0D94FD5C1BE9CA1900D05E89 /* ODInboxCellBetViewModel.swift */,
			);
			name = Views;
			sourceTree = "<group>";
		};
		0D94FD5E1BE9D1B200D05E89 /* Categories */ = {
			isa = PBXGroup;
			children = (
				0D94FD5F1BE9D2A800D05E89 /* Extensions.swift */,
			);
			name = Categories;
			sourceTree = "<group>";
		};
		0DF83D0D1BE1E69D00BD0893 = {
			isa = PBXGroup;
			children = (
				0DF83D181BE1E69D00BD0893 /* Odds */,
				0DF83D2E1BE1E69D00BD0893 /* OddsTests */,
				0DF83D171BE1E69D00BD0893 /* Products */,
				5B6684658C9875D4B485212E /* Pods */,
				ED7F0273F7CE3E89415E5E15 /* Frameworks */,
			);
			sourceTree = "<group>";
		};
		0DF83D171BE1E69D00BD0893 /* Products */ = {
			isa = PBXGroup;
			children = (
				0DF83D161BE1E69D00BD0893 /* Odds.app */,
				0DF83D2B1BE1E69D00BD0893 /* OddsTests.xctest */,
			);
			name = Products;
			sourceTree = "<group>";
		};
		0DF83D181BE1E69D00BD0893 /* Odds */ = {
			isa = PBXGroup;
			children = (
				0D94FD5E1BE9D1B200D05E89 /* Categories */,
				0D94FD4A1BE9B46400D05E89 /* Views */,
				0D94FD491BE9B45D00D05E89 /* Controllers */,
				0D94FD481BE9B42500D05E89 /* Models */,
				0DF83D1B1BE1E69D00BD0893 /* AppDelegate.swift */,
				0D7B8F5B1BEB004B0084B758 /* Bridging-Header.h */,
				0DF83D221BE1E69D00BD0893 /* Images.xcassets */,
				0D94FD4F1BE9C0FE00D05E89 /* LaunchScreen.xib */,
				0DF83D191BE1E69D00BD0893 /* Supporting Files */,
			);
			path = Odds;
			sourceTree = "<group>";
		};
		0DF83D191BE1E69D00BD0893 /* Supporting Files */ = {
			isa = PBXGroup;
			children = (
				0DF83D1A1BE1E69D00BD0893 /* Info.plist */,
			);
			name = "Supporting Files";
			sourceTree = "<group>";
		};
		0DF83D2E1BE1E69D00BD0893 /* OddsTests */ = {
			isa = PBXGroup;
			children = (
				0DF83D311BE1E69D00BD0893 /* OddsTests.swift */,
				0DF83D2F1BE1E69D00BD0893 /* Supporting Files */,
			);
			path = OddsTests;
			sourceTree = "<group>";
		};
		0DF83D2F1BE1E69D00BD0893 /* Supporting Files */ = {
			isa = PBXGroup;
			children = (
				0DF83D301BE1E69D00BD0893 /* Info.plist */,
			);
			name = "Supporting Files";
			sourceTree = "<group>";
		};
		5B6684658C9875D4B485212E /* Pods */ = {
			isa = PBXGroup;
			children = (
				BD9321160BC4131EB0503E95 /* Pods-Odds.debug.xcconfig */,
				BEEE5430AE47FB297370AABB /* Pods-Odds.release.xcconfig */,
			);
			name = Pods;
			sourceTree = "<group>";
		};
		ED7F0273F7CE3E89415E5E15 /* Frameworks */ = {
			isa = PBXGroup;
			children = (
				0D7B8F5C1BEB02600084B758 /* FBSDKCoreKit.framework */,
				0D7B8F5E1BEB02C70084B758 /* FBSDKLoginKit.framework */,
				E7658DBBD431921C67B13871 /* Pods_Odds.framework */,
			);
			name = Frameworks;
			sourceTree = "<group>";
		};
/* End PBXGroup section */

/* Begin PBXNativeTarget section */
		0DF83D151BE1E69D00BD0893 /* Odds */ = {
			isa = PBXNativeTarget;
			buildConfigurationList = 0DF83D351BE1E69D00BD0893 /* Build configuration list for PBXNativeTarget "Odds" */;
			buildPhases = (
				7E20739CF27C7F51D07C923C /* Check Pods Manifest.lock */,
				0DF83D121BE1E69D00BD0893 /* Sources */,
				0DF83D131BE1E69D00BD0893 /* Frameworks */,
				0DF83D141BE1E69D00BD0893 /* Resources */,
				3612395A98283F9B0EFEE7A7 /* Embed Pods Frameworks */,
				D9724A2726693CDFAEDD1701 /* Copy Pods Resources */,
			);
			buildRules = (
			);
			dependencies = (
			);
			name = Odds;
			productName = Odds;
			productReference = 0DF83D161BE1E69D00BD0893 /* Odds.app */;
			productType = "com.apple.product-type.application";
		};
		0DF83D2A1BE1E69D00BD0893 /* OddsTests */ = {
			isa = PBXNativeTarget;
			buildConfigurationList = 0DF83D381BE1E69D00BD0893 /* Build configuration list for PBXNativeTarget "OddsTests" */;
			buildPhases = (
				0DF83D271BE1E69D00BD0893 /* Sources */,
				0DF83D281BE1E69D00BD0893 /* Frameworks */,
				0DF83D291BE1E69D00BD0893 /* Resources */,
			);
			buildRules = (
			);
			dependencies = (
				0DF83D2D1BE1E69D00BD0893 /* PBXTargetDependency */,
			);
			name = OddsTests;
			productName = OddsTests;
			productReference = 0DF83D2B1BE1E69D00BD0893 /* OddsTests.xctest */;
			productType = "com.apple.product-type.bundle.unit-test";
		};
/* End PBXNativeTarget section */

/* Begin PBXProject section */
		0DF83D0E1BE1E69D00BD0893 /* Project object */ = {
			isa = PBXProject;
			attributes = {
				CLASSPREFIX = OD;
				LastSwiftUpdateCheck = 0710;
				LastUpgradeCheck = 0640;
				ORGANIZATIONNAME = "Sean McQueen";
				TargetAttributes = {
					0DF83D151BE1E69D00BD0893 = {
						CreatedOnToolsVersion = 6.4;
					};
					0DF83D2A1BE1E69D00BD0893 = {
						CreatedOnToolsVersion = 6.4;
						TestTargetID = 0DF83D151BE1E69D00BD0893;
					};
				};
			};
			buildConfigurationList = 0DF83D111BE1E69D00BD0893 /* Build configuration list for PBXProject "Odds" */;
			compatibilityVersion = "Xcode 3.2";
			developmentRegion = English;
			hasScannedForEncodings = 0;
			knownRegions = (
				en,
				Base,
			);
			mainGroup = 0DF83D0D1BE1E69D00BD0893;
			productRefGroup = 0DF83D171BE1E69D00BD0893 /* Products */;
			projectDirPath = "";
			projectRoot = "";
			targets = (
				0DF83D151BE1E69D00BD0893 /* Odds */,
				0DF83D2A1BE1E69D00BD0893 /* OddsTests */,
			);
		};
/* End PBXProject section */

/* Begin PBXResourcesBuildPhase section */
		0DF83D141BE1E69D00BD0893 /* Resources */ = {
			isa = PBXResourcesBuildPhase;
			buildActionMask = 2147483647;
			files = (
				0D94FD511BE9C0FE00D05E89 /* LaunchScreen.xib in Resources */,
				0D7B8F631BEB04730084B758 /* ODLoginViewController.xib in Resources */,
				0DF83D231BE1E69D00BD0893 /* Images.xcassets in Resources */,
				0D94FD551BE9C18D00D05E89 /* ODInboxViewController.xib in Resources */,
				0D94FD591BE9C80700D05E89 /* ODInboxCell.xib in Resources */,
			);
			runOnlyForDeploymentPostprocessing = 0;
		};
		0DF83D291BE1E69D00BD0893 /* Resources */ = {
			isa = PBXResourcesBuildPhase;
			buildActionMask = 2147483647;
			files = (
			);
			runOnlyForDeploymentPostprocessing = 0;
		};
/* End PBXResourcesBuildPhase section */

/* Begin PBXShellScriptBuildPhase section */
		3612395A98283F9B0EFEE7A7 /* Embed Pods Frameworks */ = {
			isa = PBXShellScriptBuildPhase;
			buildActionMask = 2147483647;
			files = (
			);
			inputPaths = (
			);
			name = "Embed Pods Frameworks";
			outputPaths = (
			);
			runOnlyForDeploymentPostprocessing = 0;
			shellPath = /bin/sh;
			shellScript = "\"${SRCROOT}/Pods/Target Support Files/Pods-Odds/Pods-Odds-frameworks.sh\"\n";
			showEnvVarsInLog = 0;
		};
		7E20739CF27C7F51D07C923C /* Check Pods Manifest.lock */ = {
			isa = PBXShellScriptBuildPhase;
			buildActionMask = 2147483647;
			files = (
			);
			inputPaths = (
			);
			name = "Check Pods Manifest.lock";
			outputPaths = (
			);
			runOnlyForDeploymentPostprocessing = 0;
			shellPath = /bin/sh;
			shellScript = "diff \"${PODS_ROOT}/../Podfile.lock\" \"${PODS_ROOT}/Manifest.lock\" > /dev/null\nif [[ $? != 0 ]] ; then\n    cat << EOM\nerror: The sandbox is not in sync with the Podfile.lock. Run 'pod install' or update your CocoaPods installation.\nEOM\n    exit 1\nfi\n";
			showEnvVarsInLog = 0;
		};
		D9724A2726693CDFAEDD1701 /* Copy Pods Resources */ = {
			isa = PBXShellScriptBuildPhase;
			buildActionMask = 2147483647;
			files = (
			);
			inputPaths = (
			);
			name = "Copy Pods Resources";
			outputPaths = (
			);
			runOnlyForDeploymentPostprocessing = 0;
			shellPath = /bin/sh;
			shellScript = "\"${SRCROOT}/Pods/Target Support Files/Pods-Odds/Pods-Odds-resources.sh\"\n";
			showEnvVarsInLog = 0;
		};
/* End PBXShellScriptBuildPhase section */

/* Begin PBXSourcesBuildPhase section */
		0DF83D121BE1E69D00BD0893 /* Sources */ = {
			isa = PBXSourcesBuildPhase;
			buildActionMask = 2147483647;
			files = (
				0D94FD5D1BE9CA1900D05E89 /* ODInboxCellBetViewModel.swift in Sources */,
				0D7B8F621BEB04730084B758 /* ODLoginViewController.swift in Sources */,
				0D94FD581BE9C80700D05E89 /* ODInboxCell.swift in Sources */,
				0D94FD4E1BE9B50E00D05E89 /* ODModel.swift in Sources */,
				0D94FD541BE9C18D00D05E89 /* ODInboxViewController.swift in Sources */,
				0D94FD601BE9D2A800D05E89 /* Extensions.swift in Sources */,
				0D94FD4C1BE9B49400D05E89 /* ODBet.swift in Sources */,
				0DF83D1C1BE1E69D00BD0893 /* AppDelegate.swift in Sources */,
			);
			runOnlyForDeploymentPostprocessing = 0;
		};
		0DF83D271BE1E69D00BD0893 /* Sources */ = {
			isa = PBXSourcesBuildPhase;
			buildActionMask = 2147483647;
			files = (
				0DF83D321BE1E69D00BD0893 /* OddsTests.swift in Sources */,
			);
			runOnlyForDeploymentPostprocessing = 0;
		};
/* End PBXSourcesBuildPhase section */

/* Begin PBXTargetDependency section */
		0DF83D2D1BE1E69D00BD0893 /* PBXTargetDependency */ = {
			isa = PBXTargetDependency;
			target = 0DF83D151BE1E69D00BD0893 /* Odds */;
			targetProxy = 0DF83D2C1BE1E69D00BD0893 /* PBXContainerItemProxy */;
		};
/* End PBXTargetDependency section */

/* Begin PBXVariantGroup section */
		0D94FD4F1BE9C0FE00D05E89 /* LaunchScreen.xib */ = {
			isa = PBXVariantGroup;
			children = (
				0D94FD501BE9C0FE00D05E89 /* Base */,
			);
			name = LaunchScreen.xib;
			sourceTree = "<group>";
		};
/* End PBXVariantGroup section */

/* Begin XCBuildConfiguration section */
		0DF83D331BE1E69D00BD0893 /* Debug */ = {
			isa = XCBuildConfiguration;
			buildSettings = {
				ALWAYS_SEARCH_USER_PATHS = NO;
				CLANG_CXX_LANGUAGE_STANDARD = "gnu++0x";
				CLANG_CXX_LIBRARY = "libc++";
				CLANG_ENABLE_MODULES = YES;
				CLANG_ENABLE_OBJC_ARC = YES;
				CLANG_WARN_BOOL_CONVERSION = YES;
				CLANG_WARN_CONSTANT_CONVERSION = YES;
				CLANG_WARN_DIRECT_OBJC_ISA_USAGE = YES_ERROR;
				CLANG_WARN_EMPTY_BODY = YES;
				CLANG_WARN_ENUM_CONVERSION = YES;
				CLANG_WARN_INT_CONVERSION = YES;
				CLANG_WARN_OBJC_ROOT_CLASS = YES_ERROR;
				CLANG_WARN_UNREACHABLE_CODE = YES;
				CLANG_WARN__DUPLICATE_METHOD_MATCH = YES;
				"CODE_SIGN_IDENTITY[sdk=iphoneos*]" = "iPhone Developer";
				COPY_PHASE_STRIP = NO;
				DEBUG_INFORMATION_FORMAT = "dwarf-with-dsym";
				ENABLE_STRICT_OBJC_MSGSEND = YES;
				GCC_C_LANGUAGE_STANDARD = gnu99;
				GCC_DYNAMIC_NO_PIC = NO;
				GCC_NO_COMMON_BLOCKS = YES;
				GCC_OPTIMIZATION_LEVEL = 0;
				GCC_PREPROCESSOR_DEFINITIONS = (
					"DEBUG=1",
					"$(inherited)",
				);
				GCC_SYMBOLS_PRIVATE_EXTERN = NO;
				GCC_WARN_64_TO_32_BIT_CONVERSION = YES;
				GCC_WARN_ABOUT_RETURN_TYPE = YES_ERROR;
				GCC_WARN_UNDECLARED_SELECTOR = YES;
				GCC_WARN_UNINITIALIZED_AUTOS = YES_AGGRESSIVE;
				GCC_WARN_UNUSED_FUNCTION = YES;
				GCC_WARN_UNUSED_VARIABLE = YES;
				IPHONEOS_DEPLOYMENT_TARGET = 8.4;
				MTL_ENABLE_DEBUG_INFO = YES;
				ONLY_ACTIVE_ARCH = YES;
				SDKROOT = iphoneos;
				SWIFT_OPTIMIZATION_LEVEL = "-Onone";
				TARGETED_DEVICE_FAMILY = "1,2";
			};
			name = Debug;
		};
		0DF83D341BE1E69D00BD0893 /* Release */ = {
			isa = XCBuildConfiguration;
			buildSettings = {
				ALWAYS_SEARCH_USER_PATHS = NO;
				CLANG_CXX_LANGUAGE_STANDARD = "gnu++0x";
				CLANG_CXX_LIBRARY = "libc++";
				CLANG_ENABLE_MODULES = YES;
				CLANG_ENABLE_OBJC_ARC = YES;
				CLANG_WARN_BOOL_CONVERSION = YES;
				CLANG_WARN_CONSTANT_CONVERSION = YES;
				CLANG_WARN_DIRECT_OBJC_ISA_USAGE = YES_ERROR;
				CLANG_WARN_EMPTY_BODY = YES;
				CLANG_WARN_ENUM_CONVERSION = YES;
				CLANG_WARN_INT_CONVERSION = YES;
				CLANG_WARN_OBJC_ROOT_CLASS = YES_ERROR;
				CLANG_WARN_UNREACHABLE_CODE = YES;
				CLANG_WARN__DUPLICATE_METHOD_MATCH = YES;
				"CODE_SIGN_IDENTITY[sdk=iphoneos*]" = "iPhone Developer";
				COPY_PHASE_STRIP = NO;
				DEBUG_INFORMATION_FORMAT = "dwarf-with-dsym";
				ENABLE_NS_ASSERTIONS = NO;
				ENABLE_STRICT_OBJC_MSGSEND = YES;
				GCC_C_LANGUAGE_STANDARD = gnu99;
				GCC_NO_COMMON_BLOCKS = YES;
				GCC_WARN_64_TO_32_BIT_CONVERSION = YES;
				GCC_WARN_ABOUT_RETURN_TYPE = YES_ERROR;
				GCC_WARN_UNDECLARED_SELECTOR = YES;
				GCC_WARN_UNINITIALIZED_AUTOS = YES_AGGRESSIVE;
				GCC_WARN_UNUSED_FUNCTION = YES;
				GCC_WARN_UNUSED_VARIABLE = YES;
				IPHONEOS_DEPLOYMENT_TARGET = 8.4;
				MTL_ENABLE_DEBUG_INFO = NO;
				SDKROOT = iphoneos;
				TARGETED_DEVICE_FAMILY = "1,2";
				VALIDATE_PRODUCT = YES;
			};
			name = Release;
		};
		0DF83D361BE1E69D00BD0893 /* Debug */ = {
			isa = XCBuildConfiguration;
			baseConfigurationReference = BD9321160BC4131EB0503E95 /* Pods-Odds.debug.xcconfig */;
			buildSettings = {
				ASSETCATALOG_COMPILER_APPICON_NAME = AppIcon;
				FRAMEWORK_SEARCH_PATHS = (
					"$(inherited)",
					"$(PROJECT_DIR)",
					"$(PROJECT_DIR)/FacebookSDKs-iOS",
				);
				INFOPLIST_FILE = Odds/Info.plist;
				LD_RUNPATH_SEARCH_PATHS = "$(inherited) @executable_path/Frameworks";
				PRODUCT_NAME = "$(TARGET_NAME)";
				SWIFT_OBJC_BRIDGING_HEADER = "Odds/Bridging-Header.h";
			};
			name = Debug;
		};
		0DF83D371BE1E69D00BD0893 /* Release */ = {
			isa = XCBuildConfiguration;
			baseConfigurationReference = BEEE5430AE47FB297370AABB /* Pods-Odds.release.xcconfig */;
			buildSettings = {
				ASSETCATALOG_COMPILER_APPICON_NAME = AppIcon;
				FRAMEWORK_SEARCH_PATHS = (
					"$(inherited)",
					"$(PROJECT_DIR)",
					"$(PROJECT_DIR)/FacebookSDKs-iOS",
				);
				INFOPLIST_FILE = Odds/Info.plist;
				LD_RUNPATH_SEARCH_PATHS = "$(inherited) @executable_path/Frameworks";
				PRODUCT_NAME = "$(TARGET_NAME)";
				SWIFT_OBJC_BRIDGING_HEADER = "Odds/Bridging-Header.h";
			};
			name = Release;
		};
		0DF83D391BE1E69D00BD0893 /* Debug */ = {
			isa = XCBuildConfiguration;
			buildSettings = {
				BUNDLE_LOADER = "$(TEST_HOST)";
				FRAMEWORK_SEARCH_PATHS = (
					"$(SDKROOT)/Developer/Library/Frameworks",
					"$(inherited)",
				);
				GCC_PREPROCESSOR_DEFINITIONS = (
					"DEBUG=1",
					"$(inherited)",
				);
				INFOPLIST_FILE = OddsTests/Info.plist;
				LD_RUNPATH_SEARCH_PATHS = "$(inherited) @executable_path/Frameworks @loader_path/Frameworks";
				PRODUCT_NAME = "$(TARGET_NAME)";
				TEST_HOST = "$(BUILT_PRODUCTS_DIR)/Odds.app/Odds";
			};
			name = Debug;
		};
		0DF83D3A1BE1E69D00BD0893 /* Release */ = {
			isa = XCBuildConfiguration;
			buildSettings = {
				BUNDLE_LOADER = "$(TEST_HOST)";
				FRAMEWORK_SEARCH_PATHS = (
					"$(SDKROOT)/Developer/Library/Frameworks",
					"$(inherited)",
				);
				INFOPLIST_FILE = OddsTests/Info.plist;
				LD_RUNPATH_SEARCH_PATHS = "$(inherited) @executable_path/Frameworks @loader_path/Frameworks";
				PRODUCT_NAME = "$(TARGET_NAME)";
				TEST_HOST = "$(BUILT_PRODUCTS_DIR)/Odds.app/Odds";
			};
			name = Release;
		};
/* End XCBuildConfiguration section */

/* Begin XCConfigurationList section */
		0DF83D111BE1E69D00BD0893 /* Build configuration list for PBXProject "Odds" */ = {
			isa = XCConfigurationList;
			buildConfigurations = (
				0DF83D331BE1E69D00BD0893 /* Debug */,
				0DF83D341BE1E69D00BD0893 /* Release */,
			);
			defaultConfigurationIsVisible = 0;
			defaultConfigurationName = Release;
		};
		0DF83D351BE1E69D00BD0893 /* Build configuration list for PBXNativeTarget "Odds" */ = {
			isa = XCConfigurationList;
			buildConfigurations = (
				0DF83D361BE1E69D00BD0893 /* Debug */,
				0DF83D371BE1E69D00BD0893 /* Release */,
			);
			defaultConfigurationIsVisible = 0;
			defaultConfigurationName = Release;
		};
		0DF83D381BE1E69D00BD0893 /* Build configuration list for PBXNativeTarget "OddsTests" */ = {
			isa = XCConfigurationList;
			buildConfigurations = (
				0DF83D391BE1E69D00BD0893 /* Debug */,
				0DF83D3A1BE1E69D00BD0893 /* Release */,
			);
			defaultConfigurationIsVisible = 0;
			defaultConfigurationName = Release;
		};
/* End XCConfigurationList section */
	};
	rootObject = 0DF83D0E1BE1E69D00BD0893 /* Project object */;
}
